<?xml version="1.0" encoding="utf-8"?>
<Project ToolsVersion="4.0" xmlns="http://schemas.microsoft.com/developer/msbuild/2003">
  <ItemGroup>
    <Filter Include="소스 파일">
      <UniqueIdentifier>{4FC737F1-C7A5-4376-A066-2A32D752A2FF}</UniqueIdentifier>
      <Extensions>cpp;c;cc;cxx;def;odl;idl;hpj;bat;asm;asmx</Extensions>
    </Filter>
    <Filter Include="헤더 파일">
      <UniqueIdentifier>{93995380-89BD-4b04-88EB-625FBE52EBFB}</UniqueIdentifier>
      <Extensions>h;hh;hpp;hxx;hm;inl;inc;ipp;xsd</Extensions>
    </Filter>
    <Filter Include="리소스 파일">
      <UniqueIdentifier>{67DA6AB6-F800-4c08-8B7A-83BB121AAD01}</UniqueIdentifier>
      <Extensions>rc;ico;cur;bmp;dlg;rc2;rct;bin;rgs;gif;jpg;jpeg;jpe;resx;tiff;tif;png;wav;mfcribbon-ms</Extensions>
    </Filter>
    <Filter Include="소스 파일\Framework">
      <UniqueIdentifier>{e6b52276-5b33-4b10-9194-47d064a0aa6b}</UniqueIdentifier>
    </Filter>
    <Filter Include="소스 파일\Scenes">
      <UniqueIdentifier>{a26b40a9-ebab-49f6-abc0-553d1a52701a}</UniqueIdentifier>
    </Filter>
    <Filter Include="소스 파일\Enemies">
      <UniqueIdentifier>{98edf1b4-1a90-4ab3-80e3-1e16b73e9727}</UniqueIdentifier>
    </Filter>
    <Filter Include="소스 파일\Skills">
      <UniqueIdentifier>{041f51d8-3629-4f68-b468-46f9faeef814}</UniqueIdentifier>
    </Filter>
    <Filter Include="헤더 파일\Framework">
      <UniqueIdentifier>{462c2343-c2ff-4b95-aca8-1e66587450cc}</UniqueIdentifier>
    </Filter>
    <Filter Include="헤더 파일\Enemies">
      <UniqueIdentifier>{a56b9f33-0150-4c31-a79c-dc3926771e85}</UniqueIdentifier>
    </Filter>
    <Filter Include="헤더 파일\Skills">
      <UniqueIdentifier>{919c77b2-52ba-41c8-8073-b163355b550d}</UniqueIdentifier>
    </Filter>
    <Filter Include="헤더 파일\Scenes">
      <UniqueIdentifier>{f91fa432-e428-42cd-852e-d3a2d020123d}</UniqueIdentifier>
    </Filter>
    <Filter Include="소스 파일\ETC">
      <UniqueIdentifier>{fdff5de2-ac62-49e4-b366-0c4bc13391fc}</UniqueIdentifier>
    </Filter>
    <Filter Include="헤더 파일\ETC">
      <UniqueIdentifier>{54d8bc1f-b073-4199-8528-4e70a042b470}</UniqueIdentifier>
    </Filter>
  </ItemGroup>
  <ItemGroup>
    <ClCompile Include="Button.cpp">
      <Filter>소스 파일\Framework</Filter>
    </ClCompile>
    <ClCompile Include="IObject.cpp">
      <Filter>소스 파일\Framework</Filter>
    </ClCompile>
    <ClCompile Include="main.cpp">
      <Filter>소스 파일\Framework</Filter>
    </ClCompile>
    <ClCompile Include="myFunction.cpp">
      <Filter>소스 파일\Framework</Filter>
    </ClCompile>
    <ClCompile Include="SoundMgr.cpp">
      <Filter>소스 파일\Framework</Filter>
    </ClCompile>
    <ClCompile Include="Sprite.cpp">
      <Filter>소스 파일\Framework</Filter>
    </ClCompile>
    <ClCompile Include="Timer.cpp">
      <Filter>소스 파일\Framework</Filter>
    </ClCompile>
    <ClCompile Include="WinFrame.cpp">
      <Filter>소스 파일\Framework</Filter>
    </ClCompile>
    <ClCompile Include="CutScene.cpp">
      <Filter>소스 파일\Scenes</Filter>
    </ClCompile>
    <ClCompile Include="EndScene.cpp">
      <Filter>소스 파일\Scenes</Filter>
    </ClCompile>
    <ClCompile Include="GameScene.cpp">
      <Filter>소스 파일\Scenes</Filter>
    </ClCompile>
    <ClCompile Include="TitleScene.cpp">
      <Filter>소스 파일\Scenes</Filter>
    </ClCompile>
    <ClCompile Include="Enemy.cpp">
      <Filter>소스 파일\Enemies</Filter>
    </ClCompile>
    <ClCompile Include="EnemyA.cpp">
      <Filter>소스 파일\Enemies</Filter>
    </ClCompile>
    <ClCompile Include="EnemyB.cpp">
      <Filter>소스 파일\Enemies</Filter>
    </ClCompile>
    <ClCompile Include="EnemyC.cpp">
      <Filter>소스 파일\Enemies</Filter>
    </ClCompile>
    <ClCompile Include="EnemyD.cpp">
      <Filter>소스 파일\Enemies</Filter>
    </ClCompile>
    <ClCompile Include="EnemyE.cpp">
      <Filter>소스 파일\Enemies</Filter>
    </ClCompile>
    <ClCompile Include="EnemyESpawner.cpp">
      <Filter>소스 파일\Enemies</Filter>
    </ClCompile>
    <ClCompile Include="EnemyManager.cpp">
      <Filter>소스 파일\Enemies</Filter>
    </ClCompile>
    <ClCompile Include="Skill.cpp">
      <Filter>소스 파일\Skills</Filter>
    </ClCompile>
    <ClCompile Include="SkillA.cpp">
      <Filter>소스 파일\Skills</Filter>
    </ClCompile>
    <ClCompile Include="SkillB.cpp">
      <Filter>소스 파일\Skills</Filter>
    </ClCompile>
    <ClCompile Include="SkillC.cpp">
      <Filter>소스 파일\Skills</Filter>
    </ClCompile>
    <ClCompile Include="SkillManager.cpp">
      <Filter>소스 파일\Skills</Filter>
    </ClCompile>
    <ClCompile Include="Player.cpp">
      <Filter>소스 파일\ETC</Filter>
    </ClCompile>
    <ClCompile Include="Score.cpp">
      <Filter>소스 파일\ETC</Filter>
    </ClCompile>
    <ClCompile Include="Shadow.cpp">
      <Filter>소스 파일\ETC</Filter>
    </ClCompile>
  </ItemGroup>
  <ItemGroup>
    <ClInclude Include="Button.h">
      <Filter>헤더 파일\Framework</Filter>
    </ClInclude>
    <ClInclude Include="Def.h">
      <Filter>헤더 파일\Framework</Filter>
    </ClInclude>
    <ClInclude Include="header.h">
      <Filter>헤더 파일\Framework</Filter>
    </ClInclude>
    <ClInclude Include="IObject.h">
      <Filter>헤더 파일\Framework</Filter>
    </ClInclude>
    <ClInclude Include="IScene.h">
      <Filter>헤더 파일\Framework</Filter>
    </ClInclude>
    <ClInclude Include="myFunction.h">
      <Filter>헤더 파일\Framework</Filter>
    </ClInclude>
    <ClInclude Include="resource.h">
      <Filter>헤더 파일\Framework</Filter>
    </ClInclude>
    <ClInclude Include="WinFrame.h">
      <Filter>헤더 파일\Framework</Filter>
    </ClInclude>
    <ClInclude Include="targetver.h">
      <Filter>헤더 파일\Framework</Filter>
    </ClInclude>
    <ClInclude Include="Sprite.h">
      <Filter>헤더 파일\Framework</Filter>
    </ClInclude>
    <ClInclude Include="SoundMgr.h">
      <Filter>헤더 파일\Framework</Filter>
    </ClInclude>
    <ClInclude Include="Enemy.h">
      <Filter>헤더 파일\Enemies</Filter>
    </ClInclude>
    <ClInclude Include="EnemyA.h">
      <Filter>헤더 파일\Enemies</Filter>
    </ClInclude>
    <ClInclude Include="EnemyB.h">
      <Filter>헤더 파일\Enemies</Filter>
    </ClInclude>
    <ClInclude Include="EnemyC.h">
      <Filter>헤더 파일\Enemies</Filter>
    </ClInclude>
    <ClInclude Include="EnemyD.h">
      <Filter>헤더 파일\Enemies</Filter>
    </ClInclude>
    <ClInclude Include="EnemyE.h">
      <Filter>헤더 파일\Enemies</Filter>
    </ClInclude>
    <ClInclude Include="EnemyESpawner.h">
      <Filter>헤더 파일\Enemies</Filter>
    </ClInclude>
    <ClInclude Include="EnemyManager.h">
      <Filter>헤더 파일\Enemies</Filter>
    </ClInclude>
    <ClInclude Include="Skill.h">
      <Filter>헤더 파일\Skills</Filter>
    </ClInclude>
    <ClInclude Include="SkillA.h">
      <Filter>헤더 파일\Skills</Filter>
    </ClInclude>
    <ClInclude Include="SkillB.h">
      <Filter>헤더 파일\Skills</Filter>
    </ClInclude>
    <ClInclude Include="SkillC.h">
      <Filter>헤더 파일\Skills</Filter>
    </ClInclude>
    <ClInclude Include="SkillManager.h">
      <Filter>헤더 파일\Skills</Filter>
    </ClInclude>
    <ClInclude Include="CutScene.h">
      <Filter>헤더 파일\Scenes</Filter>
    </ClInclude>
    <ClInclude Include="EndScene.h">
      <Filter>헤더 파일\Scenes</Filter>
    </ClInclude>
    <ClInclude Include="GameScene.h">
      <Filter>헤더 파일\Scenes</Filter>
    </ClInclude>
    <ClInclude Include="TitleScene.h">
      <Filter>헤더 파일\Scenes</Filter>
    </ClInclude>
    <ClInclude Include="Timer.h">
      <Filter>헤더 파일\Framework</Filter>
    </ClInclude>
    <ClInclude Include="Player.h">
      <Filter>헤더 파일\ETC</Filter>
    </ClInclude>
    <ClInclude Include="Score.h">
      <Filter>헤더 파일\ETC</Filter>
    </ClInclude>
    <ClInclude Include="Shadow.h">
      <Filter>헤더 파일\ETC</Filter>
    </ClInclude>
  </ItemGroup>
</Project>